// !$*UTF8*$!
{
	archiveVersion = 1;
	classes = {
	};
	objectVersion = 46;
	objects = {

/* Begin PBXBuildFile section */
		26EC5E4B2DF91E71D586A411 /* libPods.a in Frameworks */ = {isa = PBXBuildFile; fileRef = 17BB939978E33D17822AE3F1 /* libPods.a */; };
		606CACFE1BD48B5A007E21FE /* main.m in Sources */ = {isa = PBXBuildFile; fileRef = 606CACFD1BD48B5A007E21FE /* main.m */; };
		606CAD011BD48B5A007E21FE /* AppDelegate.m in Sources */ = {isa = PBXBuildFile; fileRef = 606CAD001BD48B5A007E21FE /* AppDelegate.m */; };
		606CAD041BD48B5A007E21FE /* ViewController.m in Sources */ = {isa = PBXBuildFile; fileRef = 606CAD031BD48B5A007E21FE /* ViewController.m */; };
		606CAD071BD48B5A007E21FE /* Main.storyboard in Resources */ = {isa = PBXBuildFile; fileRef = 606CAD051BD48B5A007E21FE /* Main.storyboard */; };
		606CAD091BD48B5A007E21FE /* Assets.xcassets in Resources */ = {isa = PBXBuildFile; fileRef = 606CAD081BD48B5A007E21FE /* Assets.xcassets */; };
		606CAD0C1BD48B5A007E21FE /* LaunchScreen.storyboard in Resources */ = {isa = PBXBuildFile; fileRef = 606CAD0A1BD48B5A007E21FE /* LaunchScreen.storyboard */; };
		606CAD171BD48B5A007E21FE /* BaseProjectTests.m in Sources */ = {isa = PBXBuildFile; fileRef = 606CAD161BD48B5A007E21FE /* BaseProjectTests.m */; };
		606CAD221BD48B5A007E21FE /* BaseProjectUITests.m in Sources */ = {isa = PBXBuildFile; fileRef = 606CAD211BD48B5A007E21FE /* BaseProjectUITests.m */; };
		606CAD321BD49E5A007E21FE /* APIUtil.m in Sources */ = {isa = PBXBuildFile; fileRef = 606CAD311BD49E5A007E21FE /* APIUtil.m */; settings = {ASSET_TAGS = (); }; };
		606CAD361BD4A63D007E21FE /* ApiInfoModel.m in Sources */ = {isa = PBXBuildFile; fileRef = 606CAD351BD4A63D007E21FE /* ApiInfoModel.m */; settings = {ASSET_TAGS = (); }; };
		606CAD3A1BD4BF25007E21FE /* NSString+PJR.m in Sources */ = {isa = PBXBuildFile; fileRef = 606CAD391BD4BF25007E21FE /* NSString+PJR.m */; settings = {ASSET_TAGS = (); }; };
		606CAD3D1BD4CAEF007E21FE /* AppDataHelper.m in Sources */ = {isa = PBXBuildFile; fileRef = 606CAD3C1BD4CAEF007E21FE /* AppDataHelper.m */; settings = {ASSET_TAGS = (); }; };
		606CAD421BD4D324007E21FE /* RegExCategories.m in Sources */ = {isa = PBXBuildFile; fileRef = 606CAD411BD4D324007E21FE /* RegExCategories.m */; settings = {ASSET_TAGS = (); }; };
		606CAD461BD4E04E007E21FE /* CommonViewController.m in Sources */ = {isa = PBXBuildFile; fileRef = 606CAD451BD4E04E007E21FE /* CommonViewController.m */; settings = {ASSET_TAGS = (); }; };
		606CAD4C1BD5EADD007E21FE /* TabbarController.m in Sources */ = {isa = PBXBuildFile; fileRef = 606CAD4B1BD5EADD007E21FE /* TabbarController.m */; settings = {ASSET_TAGS = (); }; };
		606CAD5F1BD5F108007E21FE /* CommDefine.m in Sources */ = {isa = PBXBuildFile; fileRef = 606CAD5E1BD5F108007E21FE /* CommDefine.m */; settings = {ASSET_TAGS = (); }; };
		606CAD661BD5F3BE007E21FE /* ViewControllerB.m in Sources */ = {isa = PBXBuildFile; fileRef = 606CAD651BD5F3BE007E21FE /* ViewControllerB.m */; settings = {ASSET_TAGS = (); }; };
		606CAD691BD5F3C8007E21FE /* ViewControllerC.m in Sources */ = {isa = PBXBuildFile; fileRef = 606CAD681BD5F3C8007E21FE /* ViewControllerC.m */; settings = {ASSET_TAGS = (); }; };
		606CAD6C1BD5F3D2007E21FE /* ViewControllerD.m in Sources */ = {isa = PBXBuildFile; fileRef = 606CAD6B1BD5F3D2007E21FE /* ViewControllerD.m */; settings = {ASSET_TAGS = (); }; };
		606CAD6F1BD5F3F4007E21FE /* ViewControllerA.m in Sources */ = {isa = PBXBuildFile; fileRef = 606CAD6E1BD5F3F4007E21FE /* ViewControllerA.m */; settings = {ASSET_TAGS = (); }; };
		606CAD721BD620AB007E21FE /* JRBarButtonItem.m in Sources */ = {isa = PBXBuildFile; fileRef = 606CAD711BD620AB007E21FE /* JRBarButtonItem.m */; settings = {ASSET_TAGS = (); }; };
		606CAD741BD63CEC007E21FE /* Localizable.strings in Resources */ = {isa = PBXBuildFile; fileRef = 606CAD731BD63CEC007E21FE /* Localizable.strings */; settings = {ASSET_TAGS = (); }; };
		606CAD771BD64767007E21FE /* APPTool.m in Sources */ = {isa = PBXBuildFile; fileRef = 606CAD761BD64767007E21FE /* APPTool.m */; settings = {ASSET_TAGS = (); }; };
		6070B3461BD72534006E0113 /* PromptView.m in Sources */ = {isa = PBXBuildFile; fileRef = 6070B3451BD72534006E0113 /* PromptView.m */; settings = {ASSET_TAGS = (); }; };
		6070B3491BD77B83006E0113 /* CommTableViewController.m in Sources */ = {isa = PBXBuildFile; fileRef = 6070B3481BD77B83006E0113 /* CommTableViewController.m */; settings = {ASSET_TAGS = (); }; };
/* End PBXBuildFile section */

/* Begin PBXContainerItemProxy section */
		606CAD131BD48B5A007E21FE /* PBXContainerItemProxy */ = {
			isa = PBXContainerItemProxy;
			containerPortal = 606CACF11BD48B5A007E21FE /* Project object */;
			proxyType = 1;
			remoteGlobalIDString = 606CACF81BD48B5A007E21FE;
			remoteInfo = BaseProject;
		};
		606CAD1E1BD48B5A007E21FE /* PBXContainerItemProxy */ = {
			isa = PBXContainerItemProxy;
			containerPortal = 606CACF11BD48B5A007E21FE /* Project object */;
			proxyType = 1;
			remoteGlobalIDString = 606CACF81BD48B5A007E21FE;
			remoteInfo = BaseProject;
		};
/* End PBXContainerItemProxy section */

/* Begin PBXFileReference section */
		17BB939978E33D17822AE3F1 /* libPods.a */ = {isa = PBXFileReference; explicitFileType = archive.ar; includeInIndex = 0; path = libPods.a; sourceTree = BUILT_PRODUCTS_DIR; };
		4884DE16A28D0CBCD84D37D8 /* Pods.release.xcconfig */ = {isa = PBXFileReference; includeInIndex = 1; lastKnownFileType = text.xcconfig; name = Pods.release.xcconfig; path = "Pods/Target Support Files/Pods/Pods.release.xcconfig"; sourceTree = "<group>"; };
		531836D2F0E38165471AA94C /* Pods.debug.xcconfig */ = {isa = PBXFileReference; includeInIndex = 1; lastKnownFileType = text.xcconfig; name = Pods.debug.xcconfig; path = "Pods/Target Support Files/Pods/Pods.debug.xcconfig"; sourceTree = "<group>"; };
		606CACF91BD48B5A007E21FE /* BaseProject.app */ = {isa = PBXFileReference; explicitFileType = wrapper.application; includeInIndex = 0; path = BaseProject.app; sourceTree = BUILT_PRODUCTS_DIR; };
		606CACFD1BD48B5A007E21FE /* main.m */ = {isa = PBXFileReference; lastKnownFileType = sourcecode.c.objc; path = main.m; sourceTree = "<group>"; };
		606CACFF1BD48B5A007E21FE /* AppDelegate.h */ = {isa = PBXFileReference; lastKnownFileType = sourcecode.c.h; path = AppDelegate.h; sourceTree = "<group>"; };
		606CAD001BD48B5A007E21FE /* AppDelegate.m */ = {isa = PBXFileReference; lastKnownFileType = sourcecode.c.objc; path = AppDelegate.m; sourceTree = "<group>"; };
		606CAD021BD48B5A007E21FE /* ViewController.h */ = {isa = PBXFileReference; lastKnownFileType = sourcecode.c.h; path = ViewController.h; sourceTree = "<group>"; };
		606CAD031BD48B5A007E21FE /* ViewController.m */ = {isa = PBXFileReference; lastKnownFileType = sourcecode.c.objc; path = ViewController.m; sourceTree = "<group>"; };
		606CAD061BD48B5A007E21FE /* Base */ = {isa = PBXFileReference; lastKnownFileType = file.storyboard; name = Base; path = Base.lproj/Main.storyboard; sourceTree = "<group>"; };
		606CAD081BD48B5A007E21FE /* Assets.xcassets */ = {isa = PBXFileReference; lastKnownFileType = folder.assetcatalog; path = Assets.xcassets; sourceTree = "<group>"; };
		606CAD0B1BD48B5A007E21FE /* Base */ = {isa = PBXFileReference; lastKnownFileType = file.storyboard; name = Base; path = Base.lproj/LaunchScreen.storyboard; sourceTree = "<group>"; };
		606CAD0D1BD48B5A007E21FE /* Info.plist */ = {isa = PBXFileReference; lastKnownFileType = text.plist.xml; path = Info.plist; sourceTree = "<group>"; };
		606CAD121BD48B5A007E21FE /* BaseProjectTests.xctest */ = {isa = PBXFileReference; explicitFileType = wrapper.cfbundle; includeInIndex = 0; path = BaseProjectTests.xctest; sourceTree = BUILT_PRODUCTS_DIR; };
		606CAD161BD48B5A007E21FE /* BaseProjectTests.m */ = {isa = PBXFileReference; lastKnownFileType = sourcecode.c.objc; path = BaseProjectTests.m; sourceTree = "<group>"; };
		606CAD181BD48B5A007E21FE /* Info.plist */ = {isa = PBXFileReference; lastKnownFileType = text.plist.xml; path = Info.plist; sourceTree = "<group>"; };
		606CAD1D1BD48B5A007E21FE /* BaseProjectUITests.xctest */ = {isa = PBXFileReference; explicitFileType = wrapper.cfbundle; includeInIndex = 0; path = BaseProjectUITests.xctest; sourceTree = BUILT_PRODUCTS_DIR; };
		606CAD211BD48B5A007E21FE /* BaseProjectUITests.m */ = {isa = PBXFileReference; lastKnownFileType = sourcecode.c.objc; path = BaseProjectUITests.m; sourceTree = "<group>"; };
		606CAD231BD48B5A007E21FE /* Info.plist */ = {isa = PBXFileReference; lastKnownFileType = text.plist.xml; path = Info.plist; sourceTree = "<group>"; };
		606CAD301BD49E5A007E21FE /* APIUtil.h */ = {isa = PBXFileReference; fileEncoding = 4; lastKnownFileType = sourcecode.c.h; path = APIUtil.h; sourceTree = "<group>"; };
		606CAD311BD49E5A007E21FE /* APIUtil.m */ = {isa = PBXFileReference; fileEncoding = 4; lastKnownFileType = sourcecode.c.objc; path = APIUtil.m; sourceTree = "<group>"; };
		606CAD341BD4A63D007E21FE /* ApiInfoModel.h */ = {isa = PBXFileReference; fileEncoding = 4; lastKnownFileType = sourcecode.c.h; path = ApiInfoModel.h; sourceTree = "<group>"; };
		606CAD351BD4A63D007E21FE /* ApiInfoModel.m */ = {isa = PBXFileReference; fileEncoding = 4; lastKnownFileType = sourcecode.c.objc; path = ApiInfoModel.m; sourceTree = "<group>"; };
		606CAD381BD4BF25007E21FE /* NSString+PJR.h */ = {isa = PBXFileReference; fileEncoding = 4; lastKnownFileType = sourcecode.c.h; path = "NSString+PJR.h"; sourceTree = "<group>"; };
		606CAD391BD4BF25007E21FE /* NSString+PJR.m */ = {isa = PBXFileReference; fileEncoding = 4; lastKnownFileType = sourcecode.c.objc; path = "NSString+PJR.m"; sourceTree = "<group>"; };
		606CAD3B1BD4CAEF007E21FE /* AppDataHelper.h */ = {isa = PBXFileReference; fileEncoding = 4; lastKnownFileType = sourcecode.c.h; path = AppDataHelper.h; sourceTree = "<group>"; };
		606CAD3C1BD4CAEF007E21FE /* AppDataHelper.m */ = {isa = PBXFileReference; fileEncoding = 4; lastKnownFileType = sourcecode.c.objc; path = AppDataHelper.m; sourceTree = "<group>"; };
		606CAD3F1BD4CC0C007E21FE /* PrefixHeader.pch */ = {isa = PBXFileReference; lastKnownFileType = sourcecode.c.h; path = PrefixHeader.pch; sourceTree = "<group>"; };
		606CAD401BD4D324007E21FE /* RegExCategories.h */ = {isa = PBXFileReference; fileEncoding = 4; lastKnownFileType = sourcecode.c.h; path = RegExCategories.h; sourceTree = "<group>"; };
		606CAD411BD4D324007E21FE /* RegExCategories.m */ = {isa = PBXFileReference; fileEncoding = 4; lastKnownFileType = sourcecode.c.objc; path = RegExCategories.m; sourceTree = "<group>"; };
		606CAD441BD4E04E007E21FE /* CommonViewController.h */ = {isa = PBXFileReference; fileEncoding = 4; lastKnownFileType = sourcecode.c.h; path = CommonViewController.h; sourceTree = "<group>"; };
		606CAD451BD4E04E007E21FE /* CommonViewController.m */ = {isa = PBXFileReference; fileEncoding = 4; lastKnownFileType = sourcecode.c.objc; path = CommonViewController.m; sourceTree = "<group>"; };
		606CAD4A1BD5EADD007E21FE /* TabbarController.h */ = {isa = PBXFileReference; fileEncoding = 4; lastKnownFileType = sourcecode.c.h; path = TabbarController.h; sourceTree = "<group>"; };
		606CAD4B1BD5EADD007E21FE /* TabbarController.m */ = {isa = PBXFileReference; fileEncoding = 4; lastKnownFileType = sourcecode.c.objc; path = TabbarController.m; sourceTree = "<group>"; };
		606CAD5D1BD5F108007E21FE /* CommDefine.h */ = {isa = PBXFileReference; fileEncoding = 4; lastKnownFileType = sourcecode.c.h; path = CommDefine.h; sourceTree = "<group>"; };
		606CAD5E1BD5F108007E21FE /* CommDefine.m */ = {isa = PBXFileReference; fileEncoding = 4; lastKnownFileType = sourcecode.c.objc; path = CommDefine.m; sourceTree = "<group>"; };
		606CAD641BD5F3BE007E21FE /* ViewControllerB.h */ = {isa = PBXFileReference; fileEncoding = 4; lastKnownFileType = sourcecode.c.h; path = ViewControllerB.h; sourceTree = "<group>"; };
		606CAD651BD5F3BE007E21FE /* ViewControllerB.m */ = {isa = PBXFileReference; fileEncoding = 4; lastKnownFileType = sourcecode.c.objc; path = ViewControllerB.m; sourceTree = "<group>"; };
		606CAD671BD5F3C8007E21FE /* ViewControllerC.h */ = {isa = PBXFileReference; fileEncoding = 4; lastKnownFileType = sourcecode.c.h; path = ViewControllerC.h; sourceTree = "<group>"; };
		606CAD681BD5F3C8007E21FE /* ViewControllerC.m */ = {isa = PBXFileReference; fileEncoding = 4; lastKnownFileType = sourcecode.c.objc; path = ViewControllerC.m; sourceTree = "<group>"; };
		606CAD6A1BD5F3D2007E21FE /* ViewControllerD.h */ = {isa = PBXFileReference; fileEncoding = 4; lastKnownFileType = sourcecode.c.h; path = ViewControllerD.h; sourceTree = "<group>"; };
		606CAD6B1BD5F3D2007E21FE /* ViewControllerD.m */ = {isa = PBXFileReference; fileEncoding = 4; lastKnownFileType = sourcecode.c.objc; path = ViewControllerD.m; sourceTree = "<group>"; };
		606CAD6D1BD5F3F4007E21FE /* ViewControllerA.h */ = {isa = PBXFileReference; fileEncoding = 4; lastKnownFileType = sourcecode.c.h; path = ViewControllerA.h; sourceTree = "<group>"; };
		606CAD6E1BD5F3F4007E21FE /* ViewControllerA.m */ = {isa = PBXFileReference; fileEncoding = 4; lastKnownFileType = sourcecode.c.objc; path = ViewControllerA.m; sourceTree = "<group>"; };
		606CAD701BD620AB007E21FE /* JRBarButtonItem.h */ = {isa = PBXFileReference; fileEncoding = 4; lastKnownFileType = sourcecode.c.h; path = JRBarButtonItem.h; sourceTree = "<group>"; };
		606CAD711BD620AB007E21FE /* JRBarButtonItem.m */ = {isa = PBXFileReference; fileEncoding = 4; lastKnownFileType = sourcecode.c.objc; path = JRBarButtonItem.m; sourceTree = "<group>"; };
		606CAD731BD63CEC007E21FE /* Localizable.strings */ = {isa = PBXFileReference; fileEncoding = 4; lastKnownFileType = text.plist.strings; path = Localizable.strings; sourceTree = "<group>"; };
		606CAD751BD64767007E21FE /* APPTool.h */ = {isa = PBXFileReference; fileEncoding = 4; lastKnownFileType = sourcecode.c.h; path = APPTool.h; sourceTree = "<group>"; };
		606CAD761BD64767007E21FE /* APPTool.m */ = {isa = PBXFileReference; fileEncoding = 4; lastKnownFileType = sourcecode.c.objc; path = APPTool.m; sourceTree = "<group>"; };
		6070B3441BD72534006E0113 /* PromptView.h */ = {isa = PBXFileReference; fileEncoding = 4; lastKnownFileType = sourcecode.c.h; path = PromptView.h; sourceTree = "<group>"; };
		6070B3451BD72534006E0113 /* PromptView.m */ = {isa = PBXFileReference; fileEncoding = 4; lastKnownFileType = sourcecode.c.objc; path = PromptView.m; sourceTree = "<group>"; };
		6070B3471BD77B83006E0113 /* CommTableViewController.h */ = {isa = PBXFileReference; fileEncoding = 4; lastKnownFileType = sourcecode.c.h; path = CommTableViewController.h; sourceTree = "<group>"; };
		6070B3481BD77B83006E0113 /* CommTableViewController.m */ = {isa = PBXFileReference; fileEncoding = 4; lastKnownFileType = sourcecode.c.objc; path = CommTableViewController.m; sourceTree = "<group>"; };
/* End PBXFileReference section */

/* Begin PBXFrameworksBuildPhase section */
		606CACF61BD48B5A007E21FE /* Frameworks */ = {
			isa = PBXFrameworksBuildPhase;
			buildActionMask = 2147483647;
			files = (
				26EC5E4B2DF91E71D586A411 /* libPods.a in Frameworks */,
			);
			runOnlyForDeploymentPostprocessing = 0;
		};
		606CAD0F1BD48B5A007E21FE /* Frameworks */ = {
			isa = PBXFrameworksBuildPhase;
			buildActionMask = 2147483647;
			files = (
			);
			runOnlyForDeploymentPostprocessing = 0;
		};
		606CAD1A1BD48B5A007E21FE /* Frameworks */ = {
			isa = PBXFrameworksBuildPhase;
			buildActionMask = 2147483647;
			files = (
			);
			runOnlyForDeploymentPostprocessing = 0;
		};
/* End PBXFrameworksBuildPhase section */

/* Begin PBXGroup section */
		052811BE5F37073ABC16F6E0 /* Frameworks */ = {
			isa = PBXGroup;
			children = (
				17BB939978E33D17822AE3F1 /* libPods.a */,
			);
			name = Frameworks;
			sourceTree = "<group>";
		};
		0617F01A4921257DD5570882 /* Pods */ = {
			isa = PBXGroup;
			children = (
				531836D2F0E38165471AA94C /* Pods.debug.xcconfig */,
				4884DE16A28D0CBCD84D37D8 /* Pods.release.xcconfig */,
			);
			name = Pods;
			sourceTree = "<group>";
		};
		606CACF01BD48B5A007E21FE = {
			isa = PBXGroup;
			children = (
				606CACFB1BD48B5A007E21FE /* BaseProject */,
				606CAD151BD48B5A007E21FE /* BaseProjectTests */,
				606CAD201BD48B5A007E21FE /* BaseProjectUITests */,
				606CACFA1BD48B5A007E21FE /* Products */,
				0617F01A4921257DD5570882 /* Pods */,
				052811BE5F37073ABC16F6E0 /* Frameworks */,
			);
			sourceTree = "<group>";
		};
		606CACFA1BD48B5A007E21FE /* Products */ = {
			isa = PBXGroup;
			children = (
				606CACF91BD48B5A007E21FE /* BaseProject.app */,
				606CAD121BD48B5A007E21FE /* BaseProjectTests.xctest */,
				606CAD1D1BD48B5A007E21FE /* BaseProjectUITests.xctest */,
			);
			name = Products;
			sourceTree = "<group>";
		};
		606CACFB1BD48B5A007E21FE /* BaseProject */ = {
			isa = PBXGroup;
			children = (
				606CAD601BD5F38B007E21FE /* Class */,
				606CAD331BD4A62C007E21FE /* Model */,
				606CAD431BD4E017007E21FE /* Common */,
				606CAD371BD4BF0D007E21FE /* Util */,
				606CAD2F1BD493D8007E21FE /* HTTP */,
				606CACFF1BD48B5A007E21FE /* AppDelegate.h */,
				606CAD001BD48B5A007E21FE /* AppDelegate.m */,
				606CAD021BD48B5A007E21FE /* ViewController.h */,
				606CAD031BD48B5A007E21FE /* ViewController.m */,
				606CAD051BD48B5A007E21FE /* Main.storyboard */,
				606CAD081BD48B5A007E21FE /* Assets.xcassets */,
				606CAD0A1BD48B5A007E21FE /* LaunchScreen.storyboard */,
				606CAD0D1BD48B5A007E21FE /* Info.plist */,
				606CACFC1BD48B5A007E21FE /* Supporting Files */,
				606CAD3F1BD4CC0C007E21FE /* PrefixHeader.pch */,
				606CAD731BD63CEC007E21FE /* Localizable.strings */,
			);
			path = BaseProject;
			sourceTree = "<group>";
		};
		606CACFC1BD48B5A007E21FE /* Supporting Files */ = {
			isa = PBXGroup;
			children = (
				606CACFD1BD48B5A007E21FE /* main.m */,
			);
			name = "Supporting Files";
			sourceTree = "<group>";
		};
		606CAD151BD48B5A007E21FE /* BaseProjectTests */ = {
			isa = PBXGroup;
			children = (
				606CAD161BD48B5A007E21FE /* BaseProjectTests.m */,
				606CAD181BD48B5A007E21FE /* Info.plist */,
			);
			path = BaseProjectTests;
			sourceTree = "<group>";
		};
		606CAD201BD48B5A007E21FE /* BaseProjectUITests */ = {
			isa = PBXGroup;
			children = (
				606CAD211BD48B5A007E21FE /* BaseProjectUITests.m */,
				606CAD231BD48B5A007E21FE /* Info.plist */,
			);
			path = BaseProjectUITests;
			sourceTree = "<group>";
		};
		606CAD2F1BD493D8007E21FE /* HTTP */ = {
			isa = PBXGroup;
			children = (
				606CAD3B1BD4CAEF007E21FE /* AppDataHelper.h */,
				606CAD3C1BD4CAEF007E21FE /* AppDataHelper.m */,
			);
			name = HTTP;
			sourceTree = "<group>";
		};
		606CAD331BD4A62C007E21FE /* Model */ = {
			isa = PBXGroup;
			children = (
				606CAD341BD4A63D007E21FE /* ApiInfoModel.h */,
				606CAD351BD4A63D007E21FE /* ApiInfoModel.m */,
			);
			name = Model;
			sourceTree = "<group>";
		};
		606CAD371BD4BF0D007E21FE /* Util */ = {
			isa = PBXGroup;
			children = (
				606CAD3E1BD4CBA1007E21FE /* Extention */,
				606CAD301BD49E5A007E21FE /* APIUtil.h */,
				606CAD311BD49E5A007E21FE /* APIUtil.m */,
				606CAD751BD64767007E21FE /* APPTool.h */,
				606CAD761BD64767007E21FE /* APPTool.m */,
			);
			name = Util;
			sourceTree = "<group>";
		};
		606CAD3E1BD4CBA1007E21FE /* Extention */ = {
			isa = PBXGroup;
			children = (
				606CAD381BD4BF25007E21FE /* NSString+PJR.h */,
				606CAD391BD4BF25007E21FE /* NSString+PJR.m */,
				606CAD401BD4D324007E21FE /* RegExCategories.h */,
				606CAD411BD4D324007E21FE /* RegExCategories.m */,
			);
			name = Extention;
			sourceTree = "<group>";
		};
		606CAD431BD4E017007E21FE /* Common */ = {
			isa = PBXGroup;
			children = (
				6070B3431BD7247B006E0113 /* CommView */,
				606CAD501BD5EF93007E21FE /* define */,
				606CAD441BD4E04E007E21FE /* CommonViewController.h */,
				606CAD451BD4E04E007E21FE /* CommonViewController.m */,
				6070B3471BD77B83006E0113 /* CommTableViewController.h */,
				6070B3481BD77B83006E0113 /* CommTableViewController.m */,
			);
			name = Common;
			sourceTree = "<group>";
		};
		606CAD501BD5EF93007E21FE /* define */ = {
			isa = PBXGroup;
			children = (
				606CAD5D1BD5F108007E21FE /* CommDefine.h */,
				606CAD5E1BD5F108007E21FE /* CommDefine.m */,
			);
			name = define;
			sourceTree = "<group>";
		};
		606CAD601BD5F38B007E21FE /* Class */ = {
			isa = PBXGroup;
			children = (
				606CAD6D1BD5F3F4007E21FE /* ViewControllerA.h */,
				606CAD6E1BD5F3F4007E21FE /* ViewControllerA.m */,
				606CAD641BD5F3BE007E21FE /* ViewControllerB.h */,
				606CAD651BD5F3BE007E21FE /* ViewControllerB.m */,
				606CAD671BD5F3C8007E21FE /* ViewControllerC.h */,
				606CAD681BD5F3C8007E21FE /* ViewControllerC.m */,
				606CAD6A1BD5F3D2007E21FE /* ViewControllerD.h */,
				606CAD6B1BD5F3D2007E21FE /* ViewControllerD.m */,
			);
			name = Class;
			sourceTree = "<group>";
		};
		6070B3431BD7247B006E0113 /* CommView */ = {
			isa = PBXGroup;
			children = (
				606CAD4A1BD5EADD007E21FE /* TabbarController.h */,
				606CAD4B1BD5EADD007E21FE /* TabbarController.m */,
				606CAD701BD620AB007E21FE /* JRBarButtonItem.h */,
				606CAD711BD620AB007E21FE /* JRBarButtonItem.m */,
				6070B3441BD72534006E0113 /* PromptView.h */,
				6070B3451BD72534006E0113 /* PromptView.m */,
			);
			name = CommView;
			sourceTree = "<group>";
		};
/* End PBXGroup section */

/* Begin PBXNativeTarget section */
		606CACF81BD48B5A007E21FE /* BaseProject */ = {
			isa = PBXNativeTarget;
			buildConfigurationList = 606CAD261BD48B5A007E21FE /* Build configuration list for PBXNativeTarget "BaseProject" */;
			buildPhases = (
				7BD5FD38B4972DE611DCD21A /* Check Pods Manifest.lock */,
				606CACF51BD48B5A007E21FE /* Sources */,
				606CACF61BD48B5A007E21FE /* Frameworks */,
				606CACF71BD48B5A007E21FE /* Resources */,
				16CCFD0A5F62E6666C521980 /* Copy Pods Resources */,
			);
			buildRules = (
			);
			dependencies = (
			);
			name = BaseProject;
			productName = BaseProject;
			productReference = 606CACF91BD48B5A007E21FE /* BaseProject.app */;
			productType = "com.apple.product-type.application";
		};
		606CAD111BD48B5A007E21FE /* BaseProjectTests */ = {
			isa = PBXNativeTarget;
			buildConfigurationList = 606CAD291BD48B5A007E21FE /* Build configuration list for PBXNativeTarget "BaseProjectTests" */;
			buildPhases = (
				606CAD0E1BD48B5A007E21FE /* Sources */,
				606CAD0F1BD48B5A007E21FE /* Frameworks */,
				606CAD101BD48B5A007E21FE /* Resources */,
			);
			buildRules = (
			);
			dependencies = (
				606CAD141BD48B5A007E21FE /* PBXTargetDependency */,
			);
			name = BaseProjectTests;
			productName = BaseProjectTests;
			productReference = 606CAD121BD48B5A007E21FE /* BaseProjectTests.xctest */;
			productType = "com.apple.product-type.bundle.unit-test";
		};
		606CAD1C1BD48B5A007E21FE /* BaseProjectUITests */ = {
			isa = PBXNativeTarget;
			buildConfigurationList = 606CAD2C1BD48B5A007E21FE /* Build configuration list for PBXNativeTarget "BaseProjectUITests" */;
			buildPhases = (
				606CAD191BD48B5A007E21FE /* Sources */,
				606CAD1A1BD48B5A007E21FE /* Frameworks */,
				606CAD1B1BD48B5A007E21FE /* Resources */,
			);
			buildRules = (
			);
			dependencies = (
				606CAD1F1BD48B5A007E21FE /* PBXTargetDependency */,
			);
			name = BaseProjectUITests;
			productName = BaseProjectUITests;
			productReference = 606CAD1D1BD48B5A007E21FE /* BaseProjectUITests.xctest */;
			productType = "com.apple.product-type.bundle.ui-testing";
		};
/* End PBXNativeTarget section */

/* Begin PBXProject section */
		606CACF11BD48B5A007E21FE /* Project object */ = {
			isa = PBXProject;
			attributes = {
				LastUpgradeCheck = 0700;
				ORGANIZATIONNAME = biyabi;
				TargetAttributes = {
					606CACF81BD48B5A007E21FE = {
						CreatedOnToolsVersion = 7.0;
					};
					606CAD111BD48B5A007E21FE = {
						CreatedOnToolsVersion = 7.0;
						TestTargetID = 606CACF81BD48B5A007E21FE;
					};
					606CAD1C1BD48B5A007E21FE = {
						CreatedOnToolsVersion = 7.0;
						TestTargetID = 606CACF81BD48B5A007E21FE;
					};
				};
			};
			buildConfigurationList = 606CACF41BD48B5A007E21FE /* Build configuration list for PBXProject "BaseProject" */;
			compatibilityVersion = "Xcode 3.2";
			developmentRegion = English;
			hasScannedForEncodings = 0;
			knownRegions = (
				en,
				Base,
			);
			mainGroup = 606CACF01BD48B5A007E21FE;
			productRefGroup = 606CACFA1BD48B5A007E21FE /* Products */;
			projectDirPath = "";
			projectRoot = "";
			targets = (
				606CACF81BD48B5A007E21FE /* BaseProject */,
				606CAD111BD48B5A007E21FE /* BaseProjectTests */,
				606CAD1C1BD48B5A007E21FE /* BaseProjectUITests */,
			);
		};
/* End PBXProject section */

/* Begin PBXResourcesBuildPhase section */
		606CACF71BD48B5A007E21FE /* Resources */ = {
			isa = PBXResourcesBuildPhase;
			buildActionMask = 2147483647;
			files = (
				606CAD0C1BD48B5A007E21FE /* LaunchScreen.storyboard in Resources */,
				606CAD741BD63CEC007E21FE /* Localizable.strings in Resources */,
				606CAD091BD48B5A007E21FE /* Assets.xcassets in Resources */,
				606CAD071BD48B5A007E21FE /* Main.storyboard in Resources */,
			);
			runOnlyForDeploymentPostprocessing = 0;
		};
		606CAD101BD48B5A007E21FE /* Resources */ = {
			isa = PBXResourcesBuildPhase;
			buildActionMask = 2147483647;
			files = (
			);
			runOnlyForDeploymentPostprocessing = 0;
		};
		606CAD1B1BD48B5A007E21FE /* Resources */ = {
			isa = PBXResourcesBuildPhase;
			buildActionMask = 2147483647;
			files = (
			);
			runOnlyForDeploymentPostprocessing = 0;
		};
/* End PBXResourcesBuildPhase section */

/* Begin PBXShellScriptBuildPhase section */
		16CCFD0A5F62E6666C521980 /* Copy Pods Resources */ = {
			isa = PBXShellScriptBuildPhase;
			buildActionMask = 2147483647;
			files = (
			);
			inputPaths = (
			);
			name = "Copy Pods Resources";
			outputPaths = (
			);
			runOnlyForDeploymentPostprocessing = 0;
			shellPath = /bin/sh;
			shellScript = "\"${SRCROOT}/Pods/Target Support Files/Pods/Pods-resources.sh\"\n";
			showEnvVarsInLog = 0;
		};
		7BD5FD38B4972DE611DCD21A /* Check Pods Manifest.lock */ = {
			isa = PBXShellScriptBuildPhase;
			buildActionMask = 2147483647;
			files = (
			);
			inputPaths = (
			);
			name = "Check Pods Manifest.lock";
			outputPaths = (
			);
			runOnlyForDeploymentPostprocessing = 0;
			shellPath = /bin/sh;
			shellScript = "diff \"${PODS_ROOT}/../Podfile.lock\" \"${PODS_ROOT}/Manifest.lock\" > /dev/null\nif [[ $? != 0 ]] ; then\n    cat << EOM\nerror: The sandbox is not in sync with the Podfile.lock. Run 'pod install' or update your CocoaPods installation.\nEOM\n    exit 1\nfi\n";
			showEnvVarsInLog = 0;
		};
/* End PBXShellScriptBuildPhase section */

/* Begin PBXSourcesBuildPhase section */
		606CACF51BD48B5A007E21FE /* Sources */ = {
			isa = PBXSourcesBuildPhase;
			buildActionMask = 2147483647;
			files = (
				606CAD3D1BD4CAEF007E21FE /* AppDataHelper.m in Sources */,
				606CAD361BD4A63D007E21FE /* ApiInfoModel.m in Sources */,
				606CAD6F1BD5F3F4007E21FE /* ViewControllerA.m in Sources */,
				606CAD321BD49E5A007E21FE /* APIUtil.m in Sources */,
				606CAD4C1BD5EADD007E21FE /* TabbarController.m in Sources */,
				606CAD691BD5F3C8007E21FE /* ViewControllerC.m in Sources */,
				606CAD041BD48B5A007E21FE /* ViewController.m in Sources */,
				606CAD011BD48B5A007E21FE /* AppDelegate.m in Sources */,
				606CAD721BD620AB007E21FE /* JRBarButtonItem.m in Sources */,
				606CAD6C1BD5F3D2007E21FE /* ViewControllerD.m in Sources */,
				606CAD5F1BD5F108007E21FE /* CommDefine.m in Sources */,
				606CAD661BD5F3BE007E21FE /* ViewControllerB.m in Sources */,
				606CAD771BD64767007E21FE /* APPTool.m in Sources */,
				606CAD421BD4D324007E21FE /* RegExCategories.m in Sources */,
				606CAD3A1BD4BF25007E21FE /* NSString+PJR.m in Sources */,
				6070B3491BD77B83006E0113 /* CommTableViewController.m in Sources */,
				606CACFE1BD48B5A007E21FE /* main.m in Sources */,
				6070B3461BD72534006E0113 /* PromptView.m in Sources */,
				606CAD461BD4E04E007E21FE /* CommonViewController.m in Sources */,
			);
			runOnlyForDeploymentPostprocessing = 0;
		};
		606CAD0E1BD48B5A007E21FE /* Sources */ = {
			isa = PBXSourcesBuildPhase;
			buildActionMask = 2147483647;
			files = (
				606CAD171BD48B5A007E21FE /* BaseProjectTests.m in Sources */,
			);
			runOnlyForDeploymentPostprocessing = 0;
		};
		606CAD191BD48B5A007E21FE /* Sources */ = {
			isa = PBXSourcesBuildPhase;
			buildActionMask = 2147483647;
			files = (
				606CAD221BD48B5A007E21FE /* BaseProjectUITests.m in Sources */,
			);
			runOnlyForDeploymentPostprocessing = 0;
		};
/* End PBXSourcesBuildPhase section */

/* Begin PBXTargetDependency section */
		606CAD141BD48B5A007E21FE /* PBXTargetDependency */ = {
			isa = PBXTargetDependency;
			target = 606CACF81BD48B5A007E21FE /* BaseProject */;
			targetProxy = 606CAD131BD48B5A007E21FE /* PBXContainerItemProxy */;
		};
		606CAD1F1BD48B5A007E21FE /* PBXTargetDependency */ = {
			isa = PBXTargetDependency;
			target = 606CACF81BD48B5A007E21FE /* BaseProject */;
			targetProxy = 606CAD1E1BD48B5A007E21FE /* PBXContainerItemProxy */;
		};
/* End PBXTargetDependency section */

/* Begin PBXVariantGroup section */
		606CAD051BD48B5A007E21FE /* Main.storyboard */ = {
			isa = PBXVariantGroup;
			children = (
				606CAD061BD48B5A007E21FE /* Base */,
			);
			name = Main.storyboard;
			sourceTree = "<group>";
		};
		606CAD0A1BD48B5A007E21FE /* LaunchScreen.storyboard */ = {
			isa = PBXVariantGroup;
			children = (
				606CAD0B1BD48B5A007E21FE /* Base */,
			);
			name = LaunchScreen.storyboard;
			sourceTree = "<group>";
		};
/* End PBXVariantGroup section */

/* Begin XCBuildConfiguration section */
		606CAD241BD48B5A007E21FE /* Debug */ = {
			isa = XCBuildConfiguration;
			buildSettings = {
				ALWAYS_SEARCH_USER_PATHS = NO;
				CLANG_CXX_LANGUAGE_STANDARD = "gnu++0x";
				CLANG_CXX_LIBRARY = "libc++";
				CLANG_ENABLE_MODULES = YES;
				CLANG_ENABLE_OBJC_ARC = YES;
				CLANG_WARN_BOOL_CONVERSION = YES;
				CLANG_WARN_CONSTANT_CONVERSION = YES;
				CLANG_WARN_DIRECT_OBJC_ISA_USAGE = YES_ERROR;
				CLANG_WARN_EMPTY_BODY = YES;
				CLANG_WARN_ENUM_CONVERSION = YES;
				CLANG_WARN_INT_CONVERSION = YES;
				CLANG_WARN_OBJC_ROOT_CLASS = YES_ERROR;
				CLANG_WARN_UNREACHABLE_CODE = YES;
				CLANG_WARN__DUPLICATE_METHOD_MATCH = YES;
				"CODE_SIGN_IDENTITY[sdk=iphoneos*]" = "iPhone Developer";
				COPY_PHASE_STRIP = NO;
				DEBUG_INFORMATION_FORMAT = dwarf;
				ENABLE_STRICT_OBJC_MSGSEND = YES;
				ENABLE_TESTABILITY = YES;
				GCC_C_LANGUAGE_STANDARD = gnu99;
				GCC_DYNAMIC_NO_PIC = NO;
				GCC_NO_COMMON_BLOCKS = YES;
				GCC_OPTIMIZATION_LEVEL = 0;
				GCC_PREPROCESSOR_DEFINITIONS = (
					"DEBUG=1",
					"$(inherited)",
				);
				GCC_WARN_64_TO_32_BIT_CONVERSION = YES;
				GCC_WARN_ABOUT_RETURN_TYPE = YES_ERROR;
				GCC_WARN_UNDECLARED_SELECTOR = YES;
				GCC_WARN_UNINITIALIZED_AUTOS = YES_AGGRESSIVE;
				GCC_WARN_UNUSED_FUNCTION = YES;
				GCC_WARN_UNUSED_VARIABLE = YES;
				IPHONEOS_DEPLOYMENT_TARGET = 9.0;
				MTL_ENABLE_DEBUG_INFO = YES;
				ONLY_ACTIVE_ARCH = YES;
				SDKROOT = iphoneos;
				TARGETED_DEVICE_FAMILY = "1,2";
			};
			name = Debug;
		};
		606CAD251BD48B5A007E21FE /* Release */ = {
			isa = XCBuildConfiguration;
			buildSettings = {
				ALWAYS_SEARCH_USER_PATHS = NO;
				CLANG_CXX_LANGUAGE_STANDARD = "gnu++0x";
				CLANG_CXX_LIBRARY = "libc++";
				CLANG_ENABLE_MODULES = YES;
				CLANG_ENABLE_OBJC_ARC = YES;
				CLANG_WARN_BOOL_CONVERSION = YES;
				CLANG_WARN_CONSTANT_CONVERSION = YES;
				CLANG_WARN_DIRECT_OBJC_ISA_USAGE = YES_ERROR;
				CLANG_WARN_EMPTY_BODY = YES;
				CLANG_WARN_ENUM_CONVERSION = YES;
				CLANG_WARN_INT_CONVERSION = YES;
				CLANG_WARN_OBJC_ROOT_CLASS = YES_ERROR;
				CLANG_WARN_UNREACHABLE_CODE = YES;
				CLANG_WARN__DUPLICATE_METHOD_MATCH = YES;
				"CODE_SIGN_IDENTITY[sdk=iphoneos*]" = "iPhone Developer";
				COPY_PHASE_STRIP = NO;
				DEBUG_INFORMATION_FORMAT = "dwarf-with-dsym";
				ENABLE_NS_ASSERTIONS = NO;
				ENABLE_STRICT_OBJC_MSGSEND = YES;
				GCC_C_LANGUAGE_STANDARD = gnu99;
				GCC_NO_COMMON_BLOCKS = YES;
				GCC_WARN_64_TO_32_BIT_CONVERSION = YES;
				GCC_WARN_ABOUT_RETURN_TYPE = YES_ERROR;
				GCC_WARN_UNDECLARED_SELECTOR = YES;
				GCC_WARN_UNINITIALIZED_AUTOS = YES_AGGRESSIVE;
				GCC_WARN_UNUSED_FUNCTION = YES;
				GCC_WARN_UNUSED_VARIABLE = YES;
				IPHONEOS_DEPLOYMENT_TARGET = 9.0;
				MTL_ENABLE_DEBUG_INFO = NO;
				SDKROOT = iphoneos;
				TARGETED_DEVICE_FAMILY = "1,2";
				VALIDATE_PRODUCT = YES;
			};
			name = Release;
		};
		606CAD271BD48B5A007E21FE /* Debug */ = {
			isa = XCBuildConfiguration;
			baseConfigurationReference = 531836D2F0E38165471AA94C /* Pods.debug.xcconfig */;
			buildSettings = {
				ASSETCATALOG_COMPILER_APPICON_NAME = AppIcon;
				GCC_PREFIX_HEADER = BaseProject/PrefixHeader.pch;
				INFOPLIST_FILE = BaseProject/Info.plist;
				IPHONEOS_DEPLOYMENT_TARGET = 7.0;
				LD_RUNPATH_SEARCH_PATHS = "$(inherited) @executable_path/Frameworks";
				PRODUCT_BUNDLE_IDENTIFIER = com.caijunrong.BaseProject;
				PRODUCT_NAME = "$(TARGET_NAME)";
			};
			name = Debug;
		};
		606CAD281BD48B5A007E21FE /* Release */ = {
			isa = XCBuildConfiguration;
			baseConfigurationReference = 4884DE16A28D0CBCD84D37D8 /* Pods.release.xcconfig */;
			buildSettings = {
				ASSETCATALOG_COMPILER_APPICON_NAME = AppIcon;
				GCC_PREFIX_HEADER = BaseProject/PrefixHeader.pch;
				INFOPLIST_FILE = BaseProject/Info.plist;
				IPHONEOS_DEPLOYMENT_TARGET = 7.0;
				LD_RUNPATH_SEARCH_PATHS = "$(inherited) @executable_path/Frameworks";
				PRODUCT_BUNDLE_IDENTIFIER = com.caijunrong.BaseProject;
				PRODUCT_NAME = "$(TARGET_NAME)";
			};
			name = Release;
		};
		606CAD2A1BD48B5A007E21FE /* Debug */ = {
			isa = XCBuildConfiguration;
			buildSettings = {
				BUNDLE_LOADER = "$(TEST_HOST)";
				INFOPLIST_FILE = BaseProjectTests/Info.plist;
				LD_RUNPATH_SEARCH_PATHS = "$(inherited) @executable_path/Frameworks @loader_path/Frameworks";
				PRODUCT_BUNDLE_IDENTIFIER = com.caijunrong.BaseProjectTests;
				PRODUCT_NAME = "$(TARGET_NAME)";
				TEST_HOST = "$(BUILT_PRODUCTS_DIR)/BaseProject.app/BaseProject";
			};
			name = Debug;
		};
		606CAD2B1BD48B5A007E21FE /* Release */ = {
			isa = XCBuildConfiguration;
			buildSettings = {
				BUNDLE_LOADER = "$(TEST_HOST)";
				INFOPLIST_FILE = BaseProjectTests/Info.plist;
				LD_RUNPATH_SEARCH_PATHS = "$(inherited) @executable_path/Frameworks @loader_path/Frameworks";
				PRODUCT_BUNDLE_IDENTIFIER = com.caijunrong.BaseProjectTests;
				PRODUCT_NAME = "$(TARGET_NAME)";
				TEST_HOST = "$(BUILT_PRODUCTS_DIR)/BaseProject.app/BaseProject";
			};
			name = Release;
		};
		606CAD2D1BD48B5A007E21FE /* Debug */ = {
			isa = XCBuildConfiguration;
			buildSettings = {
				INFOPLIST_FILE = BaseProjectUITests/Info.plist;
				LD_RUNPATH_SEARCH_PATHS = "$(inherited) @executable_path/Frameworks @loader_path/Frameworks";
				PRODUCT_BUNDLE_IDENTIFIER = com.caijunrong.BaseProjectUITests;
				PRODUCT_NAME = "$(TARGET_NAME)";
				TEST_TARGET_NAME = BaseProject;
				USES_XCTRUNNER = YES;
			};
			name = Debug;
		};
		606CAD2E1BD48B5A007E21FE /* Release */ = {
			isa = XCBuildConfiguration;
			buildSettings = {
				INFOPLIST_FILE = BaseProjectUITests/Info.plist;
				LD_RUNPATH_SEARCH_PATHS = "$(inherited) @executable_path/Frameworks @loader_path/Frameworks";
				PRODUCT_BUNDLE_IDENTIFIER = com.caijunrong.BaseProjectUITests;
				PRODUCT_NAME = "$(TARGET_NAME)";
				TEST_TARGET_NAME = BaseProject;
				USES_XCTRUNNER = YES;
			};
			name = Release;
		};
/* End XCBuildConfiguration section */

/* Begin XCConfigurationList section */
		606CACF41BD48B5A007E21FE /* Build configuration list for PBXProject "BaseProject" */ = {
			isa = XCConfigurationList;
			buildConfigurations = (
				606CAD241BD48B5A007E21FE /* Debug */,
				606CAD251BD48B5A007E21FE /* Release */,
			);
			defaultConfigurationIsVisible = 0;
			defaultConfigurationName = Release;
		};
		606CAD261BD48B5A007E21FE /* Build configuration list for PBXNativeTarget "BaseProject" */ = {
			isa = XCConfigurationList;
			buildConfigurations = (
				606CAD271BD48B5A007E21FE /* Debug */,
				606CAD281BD48B5A007E21FE /* Release */,
			);
			defaultConfigurationIsVisible = 0;
			defaultConfigurationName = Release;
		};
		606CAD291BD48B5A007E21FE /* Build configuration list for PBXNativeTarget "BaseProjectTests" */ = {
			isa = XCConfigurationList;
			buildConfigurations = (
				606CAD2A1BD48B5A007E21FE /* Debug */,
				606CAD2B1BD48B5A007E21FE /* Release */,
			);
			defaultConfigurationIsVisible = 0;
			defaultConfigurationName = Release;
		};
		606CAD2C1BD48B5A007E21FE /* Build configuration list for PBXNativeTarget "BaseProjectUITests" */ = {
			isa = XCConfigurationList;
			buildConfigurations = (
				606CAD2D1BD48B5A007E21FE /* Debug */,
				606CAD2E1BD48B5A007E21FE /* Release */,
			);
			defaultConfigurationIsVisible = 0;
			defaultConfigurationName = Release;
		};
/* End XCConfigurationList section */
	};
	rootObject = 606CACF11BD48B5A007E21FE /* Project object */;
}
